
Microsoft Visual Studio Solution File, Format Version 12.00
# Visual Studio Version 16
VisualStudioVersion = 16.0.28922.388
MinimumVisualStudioVersion = 10.0.40219.1
Project("{FAE04EC0-301F-11D3-BF4B-00C04F79EFBC}") = "YatzyGrupp7MVVM", "YatzyGrupp7MVVM\YatzyGrupp7MVVM.csproj", "{FCB02D9A-55D9-4915-BC47-0E04910E09A7}"
EndProject
Project("{FAE04EC0-301F-11D3-BF4B-00C04F79EFBC}") = "Theme", "Theme\Theme.csproj", "{0774A5B4-8F1C-4721-BE74-10A8A193F1AA}"
EndProject
Global
	GlobalSection(SolutionConfigurationPlatforms) = preSolution
		Debug|Any CPU = Debug|Any CPU
		Release|Any CPU = Release|Any CPU
	EndGlobalSection
	GlobalSection(ProjectConfigurationPlatforms) = postSolution
		{FCB02D9A-55D9-4915-BC47-0E04910E09A7}.Debug|Any CPU.ActiveCfg = Debug|Any CPU
		{FCB02D9A-55D9-4915-BC47-0E04910E09A7}.Debug|Any CPU.Build.0 = Debug|Any CPU
		{FCB02D9A-55D9-4915-BC47-0E04910E09A7}.Release|Any CPU.ActiveCfg = Release|Any CPU
		{FCB02D9A-55D9-4915-BC47-0E04910E09A7}.Release|Any CPU.Build.0 = Release|Any CPU
		{0774A5B4-8F1C-4721-BE74-10A8A193F1AA}.Debug|Any CPU.ActiveCfg = Debug|Any CPU
		{0774A5B4-8F1C-4721-BE74-10A8A193F1AA}.Debug|Any CPU.Build.0 = Debug|Any CPU
		{0774A5B4-8F1C-4721-BE74-10A8A193F1AA}.Release|Any CPU.ActiveCfg = Release|Any CPU
		{0774A5B4-8F1C-4721-BE74-10A8A193F1AA}.Release|Any CPU.Build.0 = Release|Any CPU
	EndGlobalSection
	GlobalSection(SolutionProperties) = preSolution
		HideSolutionNode = FALSE
	EndGlobalSection
	GlobalSection(ExtensibilityGlobals) = postSolution
		SolutionGuid = {2A377577-5031-436E-8860-0E2393521C3D}
	EndGlobalSection
EndGlobal
